// !$*UTF8*$!
{
	archiveVersion = 1;
	classes = {
	};
	objectVersion = 56;
	objects = {

/* Begin PBXBuildFile section */
		3D47BCB0637E5F692925598F /* Pods_AdmobIOS.framework in Frameworks */ = {isa = PBXBuildFile; fileRef = 7A21BFBB6D77913D834EB379 /* Pods_AdmobIOS.framework */; };
		43300F602B86F2A80052041F /* KarasuInterstitial.mm in Sources */ = {isa = PBXBuildFile; fileRef = 43300F5F2B86F2A80052041F /* KarasuInterstitial.mm */; };
		43300F652B8A071A0052041F /* KarasuRewarded.mm in Sources */ = {isa = PBXBuildFile; fileRef = 43300F642B8A071A0052041F /* KarasuRewarded.mm */; };
		43300F692B8A0CC50052041F /* KarasuRewardedInterstitial.mm in Sources */ = {isa = PBXBuildFile; fileRef = 43300F682B8A0CC50052041F /* KarasuRewardedInterstitial.mm */; };
		435BB5102B7FDB8B0095FC13 /* AdmobIOS.mm in Sources */ = {isa = PBXBuildFile; fileRef = 435BB50F2B7FDB8B0095FC13 /* AdmobIOS.mm */; };
		435BB5112B7FDB8B0095FC13 /* AdmobIOS.h in CopyFiles */ = {isa = PBXBuildFile; fileRef = 435BB50E2B7FDB8B0095FC13 /* AdmobIOS.h */; };
		435BB5192B7FE2D40095FC13 /* AdmobIOS_module.cpp in Sources */ = {isa = PBXBuildFile; fileRef = 435BB5172B7FE2D40095FC13 /* AdmobIOS_module.cpp */; };
/* End PBXBuildFile section */

/* Begin PBXCopyFilesBuildPhase section */
		435BB5092B7FDB8B0095FC13 /* CopyFiles */ = {
			isa = PBXCopyFilesBuildPhase;
			buildActionMask = 2147483647;
			dstPath = "include/$(PRODUCT_NAME)";
			dstSubfolderSpec = 16;
			files = (
				435BB5112B7FDB8B0095FC13 /* AdmobIOS.h in CopyFiles */,
			);
			runOnlyForDeploymentPostprocessing = 0;
		};
/* End PBXCopyFilesBuildPhase section */

/* Begin PBXFileReference section */
		033FB659D8BDE7C19DD5C37F /* Pods-AdmobIOS.release.xcconfig */ = {isa = PBXFileReference; includeInIndex = 1; lastKnownFileType = text.xcconfig; name = "Pods-AdmobIOS.release.xcconfig"; path = "Target Support Files/Pods-AdmobIOS/Pods-AdmobIOS.release.xcconfig"; sourceTree = "<group>"; };
		43300F5F2B86F2A80052041F /* KarasuInterstitial.mm */ = {isa = PBXFileReference; lastKnownFileType = sourcecode.cpp.objcpp; path = KarasuInterstitial.mm; sourceTree = "<group>"; };
		43300F612B8950820052041F /* KarasuInterstitial.h */ = {isa = PBXFileReference; lastKnownFileType = sourcecode.c.h; path = KarasuInterstitial.h; sourceTree = "<group>"; };
		43300F622B8963200052041F /* SignalDeclarations.h */ = {isa = PBXFileReference; lastKnownFileType = sourcecode.c.h; path = SignalDeclarations.h; sourceTree = "<group>"; };
		43300F632B89726D0052041F /* DataHelper.h */ = {isa = PBXFileReference; lastKnownFileType = sourcecode.c.h; path = DataHelper.h; sourceTree = "<group>"; };
		43300F642B8A071A0052041F /* KarasuRewarded.mm */ = {isa = PBXFileReference; lastKnownFileType = sourcecode.cpp.objcpp; path = KarasuRewarded.mm; sourceTree = "<group>"; };
		43300F662B8A07340052041F /* KarasuRewarded.h */ = {isa = PBXFileReference; lastKnownFileType = sourcecode.c.h; path = KarasuRewarded.h; sourceTree = "<group>"; };
		43300F672B8A0C520052041F /* KarasuRewardedInterstitial.h */ = {isa = PBXFileReference; lastKnownFileType = sourcecode.c.h; path = KarasuRewardedInterstitial.h; sourceTree = "<group>"; };
		43300F682B8A0CC50052041F /* KarasuRewardedInterstitial.mm */ = {isa = PBXFileReference; lastKnownFileType = sourcecode.cpp.objcpp; path = KarasuRewardedInterstitial.mm; sourceTree = "<group>"; };
		435BB50B2B7FDB8B0095FC13 /* libAdmobIOS.a */ = {isa = PBXFileReference; explicitFileType = archive.ar; includeInIndex = 0; path = libAdmobIOS.a; sourceTree = BUILT_PRODUCTS_DIR; };
		435BB50E2B7FDB8B0095FC13 /* AdmobIOS.h */ = {isa = PBXFileReference; lastKnownFileType = sourcecode.c.h; path = AdmobIOS.h; sourceTree = "<group>"; };
		435BB50F2B7FDB8B0095FC13 /* AdmobIOS.mm */ = {isa = PBXFileReference; lastKnownFileType = sourcecode.cpp.objcpp; path = AdmobIOS.mm; sourceTree = "<group>"; };
		435BB5172B7FE2D40095FC13 /* AdmobIOS_module.cpp */ = {isa = PBXFileReference; lastKnownFileType = sourcecode.cpp.cpp; path = AdmobIOS_module.cpp; sourceTree = "<group>"; };
		435BB5182B7FE2D40095FC13 /* AdmobIOS_module.h */ = {isa = PBXFileReference; lastKnownFileType = sourcecode.c.h; path = AdmobIOS_module.h; sourceTree = "<group>"; };
		610A6A2B7785692D1AE2695F /* Pods-AdmobIOS.debug.xcconfig */ = {isa = PBXFileReference; includeInIndex = 1; lastKnownFileType = text.xcconfig; name = "Pods-AdmobIOS.debug.xcconfig"; path = "Target Support Files/Pods-AdmobIOS/Pods-AdmobIOS.debug.xcconfig"; sourceTree = "<group>"; };
		7A21BFBB6D77913D834EB379 /* Pods_AdmobIOS.framework */ = {isa = PBXFileReference; explicitFileType = wrapper.framework; includeInIndex = 0; path = Pods_AdmobIOS.framework; sourceTree = BUILT_PRODUCTS_DIR; };
/* End PBXFileReference section */

/* Begin PBXFrameworksBuildPhase section */
		435BB5082B7FDB8B0095FC13 /* Frameworks */ = {
			isa = PBXFrameworksBuildPhase;
			buildActionMask = 2147483647;
			files = (
				3D47BCB0637E5F692925598F /* Pods_AdmobIOS.framework in Frameworks */,
			);
			runOnlyForDeploymentPostprocessing = 0;
		};
/* End PBXFrameworksBuildPhase section */

/* Begin PBXGroup section */
		43300F5E2B86F2710052041F /* Ads */ = {
			isa = PBXGroup;
			children = (
				43300F5F2B86F2A80052041F /* KarasuInterstitial.mm */,
				43300F612B8950820052041F /* KarasuInterstitial.h */,
				43300F622B8963200052041F /* SignalDeclarations.h */,
				43300F642B8A071A0052041F /* KarasuRewarded.mm */,
				43300F662B8A07340052041F /* KarasuRewarded.h */,
				43300F672B8A0C520052041F /* KarasuRewardedInterstitial.h */,
				43300F682B8A0CC50052041F /* KarasuRewardedInterstitial.mm */,
			);
			path = Ads;
			sourceTree = "<group>";
		};
		435BB5022B7FDB8B0095FC13 = {
			isa = PBXGroup;
			children = (
				435BB50D2B7FDB8B0095FC13 /* AdmobIOS */,
				435BB50C2B7FDB8B0095FC13 /* Products */,
				52AE52B944249D6774F2248E /* Pods */,
				493909A7D17CE95FEBC42C3A /* Frameworks */,
			);
			sourceTree = "<group>";
		};
		435BB50C2B7FDB8B0095FC13 /* Products */ = {
			isa = PBXGroup;
			children = (
				435BB50B2B7FDB8B0095FC13 /* libAdmobIOS.a */,
			);
			name = Products;
			sourceTree = "<group>";
		};
		435BB50D2B7FDB8B0095FC13 /* AdmobIOS */ = {
			isa = PBXGroup;
			children = (
				43300F5E2B86F2710052041F /* Ads */,
				435BB50E2B7FDB8B0095FC13 /* AdmobIOS.h */,
				435BB50F2B7FDB8B0095FC13 /* AdmobIOS.mm */,
				435BB5172B7FE2D40095FC13 /* AdmobIOS_module.cpp */,
				435BB5182B7FE2D40095FC13 /* AdmobIOS_module.h */,
				43300F632B89726D0052041F /* DataHelper.h */,
			);
			path = AdmobIOS;
			sourceTree = "<group>";
		};
		493909A7D17CE95FEBC42C3A /* Frameworks */ = {
			isa = PBXGroup;
			children = (
				7A21BFBB6D77913D834EB379 /* Pods_AdmobIOS.framework */,
			);
			name = Frameworks;
			sourceTree = "<group>";
		};
		52AE52B944249D6774F2248E /* Pods */ = {
			isa = PBXGroup;
			children = (
				610A6A2B7785692D1AE2695F /* Pods-AdmobIOS.debug.xcconfig */,
				033FB659D8BDE7C19DD5C37F /* Pods-AdmobIOS.release.xcconfig */,
			);
			path = Pods;
			sourceTree = "<group>";
		};
/* End PBXGroup section */

/* Begin PBXNativeTarget section */
		435BB50A2B7FDB8B0095FC13 /* AdmobIOS */ = {
			isa = PBXNativeTarget;
			buildConfigurationList = 435BB5142B7FDB8B0095FC13 /* Build configuration list for PBXNativeTarget "AdmobIOS" */;
			buildPhases = (
				6F3F6971BD2F4248D3193BCB /* [CP] Check Pods Manifest.lock */,
				435BB5072B7FDB8B0095FC13 /* Sources */,
				435BB5082B7FDB8B0095FC13 /* Frameworks */,
				435BB5092B7FDB8B0095FC13 /* CopyFiles */,
			);
			buildRules = (
			);
			dependencies = (
			);
			name = AdmobIOS;
			productName = AdmobIOS;
			productReference = 435BB50B2B7FDB8B0095FC13 /* libAdmobIOS.a */;
			productType = "com.apple.product-type.library.static";
		};
/* End PBXNativeTarget section */

/* Begin PBXProject section */
		435BB5032B7FDB8B0095FC13 /* Project object */ = {
			isa = PBXProject;
			attributes = {
				BuildIndependentTargetsInParallel = 1;
				LastUpgradeCheck = 1520;
				TargetAttributes = {
					435BB50A2B7FDB8B0095FC13 = {
						CreatedOnToolsVersion = 15.2;
					};
				};
			};
			buildConfigurationList = 435BB5062B7FDB8B0095FC13 /* Build configuration list for PBXProject "AdmobIOS" */;
			compatibilityVersion = "Xcode 14.0";
			developmentRegion = en;
			hasScannedForEncodings = 0;
			knownRegions = (
				en,
				Base,
			);
			mainGroup = 435BB5022B7FDB8B0095FC13;
			productRefGroup = 435BB50C2B7FDB8B0095FC13 /* Products */;
			projectDirPath = "";
			projectRoot = "";
			targets = (
				435BB50A2B7FDB8B0095FC13 /* AdmobIOS */,
			);
		};
/* End PBXProject section */

/* Begin PBXShellScriptBuildPhase section */
		6F3F6971BD2F4248D3193BCB /* [CP] Check Pods Manifest.lock */ = {
			isa = PBXShellScriptBuildPhase;
			buildActionMask = 2147483647;
			files = (
			);
			inputFileListPaths = (
			);
			inputPaths = (
				"${PODS_PODFILE_DIR_PATH}/Podfile.lock",
				"${PODS_ROOT}/Manifest.lock",
			);
			name = "[CP] Check Pods Manifest.lock";
			outputFileListPaths = (
			);
			outputPaths = (
				"$(DERIVED_FILE_DIR)/Pods-AdmobIOS-checkManifestLockResult.txt",
			);
			runOnlyForDeploymentPostprocessing = 0;
			shellPath = /bin/sh;
			shellScript = "diff \"${PODS_PODFILE_DIR_PATH}/Podfile.lock\" \"${PODS_ROOT}/Manifest.lock\" > /dev/null\nif [ $? != 0 ] ; then\n    # print error to STDERR\n    echo \"error: The sandbox is not in sync with the Podfile.lock. Run 'pod install' or update your CocoaPods installation.\" >&2\n    exit 1\nfi\n# This output is used by Xcode 'outputs' to avoid re-running this script phase.\necho \"SUCCESS\" > \"${SCRIPT_OUTPUT_FILE_0}\"\n";
			showEnvVarsInLog = 0;
		};
/* End PBXShellScriptBuildPhase section */

/* Begin PBXSourcesBuildPhase section */
		435BB5072B7FDB8B0095FC13 /* Sources */ = {
			isa = PBXSourcesBuildPhase;
			buildActionMask = 2147483647;
			files = (
				43300F652B8A071A0052041F /* KarasuRewarded.mm in Sources */,
				435BB5102B7FDB8B0095FC13 /* AdmobIOS.mm in Sources */,
				43300F602B86F2A80052041F /* KarasuInterstitial.mm in Sources */,
				435BB5192B7FE2D40095FC13 /* AdmobIOS_module.cpp in Sources */,
				43300F692B8A0CC50052041F /* KarasuRewardedInterstitial.mm in Sources */,
			);
			runOnlyForDeploymentPostprocessing = 0;
		};
/* End PBXSourcesBuildPhase section */

/* Begin XCBuildConfiguration section */
		435BB5122B7FDB8B0095FC13 /* Debug */ = {
			isa = XCBuildConfiguration;
			buildSettings = {
				ALWAYS_SEARCH_USER_PATHS = NO;
				ASSETCATALOG_COMPILER_GENERATE_SWIFT_ASSET_SYMBOL_EXTENSIONS = YES;
				CLANG_ANALYZER_NONNULL = YES;
				CLANG_ANALYZER_NUMBER_OBJECT_CONVERSION = YES_AGGRESSIVE;
				CLANG_CXX_LANGUAGE_STANDARD = "gnu++20";
				CLANG_ENABLE_MODULES = YES;
				CLANG_ENABLE_OBJC_ARC = YES;
				CLANG_ENABLE_OBJC_WEAK = YES;
				CLANG_WARN_BLOCK_CAPTURE_AUTORELEASING = YES;
				CLANG_WARN_BOOL_CONVERSION = YES;
				CLANG_WARN_COMMA = YES;
				CLANG_WARN_CONSTANT_CONVERSION = YES;
				CLANG_WARN_DEPRECATED_OBJC_IMPLEMENTATIONS = YES;
				CLANG_WARN_DIRECT_OBJC_ISA_USAGE = YES_ERROR;
				CLANG_WARN_DOCUMENTATION_COMMENTS = YES;
				CLANG_WARN_EMPTY_BODY = YES;
				CLANG_WARN_ENUM_CONVERSION = YES;
				CLANG_WARN_INFINITE_RECURSION = YES;
				CLANG_WARN_INT_CONVERSION = YES;
				CLANG_WARN_NON_LITERAL_NULL_CONVERSION = YES;
				CLANG_WARN_OBJC_IMPLICIT_RETAIN_SELF = YES;
				CLANG_WARN_OBJC_LITERAL_CONVERSION = YES;
				CLANG_WARN_OBJC_ROOT_CLASS = YES_ERROR;
				CLANG_WARN_QUOTED_INCLUDE_IN_FRAMEWORK_HEADER = YES;
				CLANG_WARN_RANGE_LOOP_ANALYSIS = YES;
				CLANG_WARN_STRICT_PROTOTYPES = YES;
				CLANG_WARN_SUSPICIOUS_MOVE = YES;
				CLANG_WARN_UNGUARDED_AVAILABILITY = YES_AGGRESSIVE;
				CLANG_WARN_UNREACHABLE_CODE = YES;
				CLANG_WARN__DUPLICATE_METHOD_MATCH = YES;
				COPY_PHASE_STRIP = NO;
				DEBUG_INFORMATION_FORMAT = dwarf;
				ENABLE_STRICT_OBJC_MSGSEND = YES;
				ENABLE_TESTABILITY = YES;
				ENABLE_USER_SCRIPT_SANDBOXING = YES;
				GCC_C_LANGUAGE_STANDARD = gnu17;
				GCC_DYNAMIC_NO_PIC = NO;
				GCC_NO_COMMON_BLOCKS = YES;
				GCC_OPTIMIZATION_LEVEL = 0;
				GCC_PREPROCESSOR_DEFINITIONS = (
					"DEBUG=1",
					"$(inherited)",
				);
				GCC_WARN_64_TO_32_BIT_CONVERSION = YES;
				GCC_WARN_ABOUT_RETURN_TYPE = YES_ERROR;
				GCC_WARN_UNDECLARED_SELECTOR = YES;
				GCC_WARN_UNINITIALIZED_AUTOS = YES_AGGRESSIVE;
				GCC_WARN_UNUSED_FUNCTION = YES;
				GCC_WARN_UNUSED_VARIABLE = YES;
				IPHONEOS_DEPLOYMENT_TARGET = 17.2;
				LOCALIZATION_PREFERS_STRING_CATALOGS = YES;
				MTL_ENABLE_DEBUG_INFO = INCLUDE_SOURCE;
				MTL_FAST_MATH = YES;
				ONLY_ACTIVE_ARCH = YES;
				SDKROOT = iphoneos;
			};
			name = Debug;
		};
		435BB5132B7FDB8B0095FC13 /* Release */ = {
			isa = XCBuildConfiguration;
			buildSettings = {
				ALWAYS_SEARCH_USER_PATHS = NO;
				ASSETCATALOG_COMPILER_GENERATE_SWIFT_ASSET_SYMBOL_EXTENSIONS = YES;
				CLANG_ANALYZER_NONNULL = YES;
				CLANG_ANALYZER_NUMBER_OBJECT_CONVERSION = YES_AGGRESSIVE;
				CLANG_CXX_LANGUAGE_STANDARD = "gnu++20";
				CLANG_ENABLE_MODULES = YES;
				CLANG_ENABLE_OBJC_ARC = YES;
				CLANG_ENABLE_OBJC_WEAK = YES;
				CLANG_WARN_BLOCK_CAPTURE_AUTORELEASING = YES;
				CLANG_WARN_BOOL_CONVERSION = YES;
				CLANG_WARN_COMMA = YES;
				CLANG_WARN_CONSTANT_CONVERSION = YES;
				CLANG_WARN_DEPRECATED_OBJC_IMPLEMENTATIONS = YES;
				CLANG_WARN_DIRECT_OBJC_ISA_USAGE = YES_ERROR;
				CLANG_WARN_DOCUMENTATION_COMMENTS = YES;
				CLANG_WARN_EMPTY_BODY = YES;
				CLANG_WARN_ENUM_CONVERSION = YES;
				CLANG_WARN_INFINITE_RECURSION = YES;
				CLANG_WARN_INT_CONVERSION = YES;
				CLANG_WARN_NON_LITERAL_NULL_CONVERSION = YES;
				CLANG_WARN_OBJC_IMPLICIT_RETAIN_SELF = YES;
				CLANG_WARN_OBJC_LITERAL_CONVERSION = YES;
				CLANG_WARN_OBJC_ROOT_CLASS = YES_ERROR;
				CLANG_WARN_QUOTED_INCLUDE_IN_FRAMEWORK_HEADER = YES;
				CLANG_WARN_RANGE_LOOP_ANALYSIS = YES;
				CLANG_WARN_STRICT_PROTOTYPES = YES;
				CLANG_WARN_SUSPICIOUS_MOVE = YES;
				CLANG_WARN_UNGUARDED_AVAILABILITY = YES_AGGRESSIVE;
				CLANG_WARN_UNREACHABLE_CODE = YES;
				CLANG_WARN__DUPLICATE_METHOD_MATCH = YES;
				COPY_PHASE_STRIP = NO;
				DEBUG_INFORMATION_FORMAT = "dwarf-with-dsym";
				ENABLE_NS_ASSERTIONS = NO;
				ENABLE_STRICT_OBJC_MSGSEND = YES;
				ENABLE_USER_SCRIPT_SANDBOXING = YES;
				GCC_C_LANGUAGE_STANDARD = gnu17;
				GCC_NO_COMMON_BLOCKS = YES;
				GCC_WARN_64_TO_32_BIT_CONVERSION = YES;
				GCC_WARN_ABOUT_RETURN_TYPE = YES_ERROR;
				GCC_WARN_UNDECLARED_SELECTOR = YES;
				GCC_WARN_UNINITIALIZED_AUTOS = YES_AGGRESSIVE;
				GCC_WARN_UNUSED_FUNCTION = YES;
				GCC_WARN_UNUSED_VARIABLE = YES;
				IPHONEOS_DEPLOYMENT_TARGET = 17.2;
				LOCALIZATION_PREFERS_STRING_CATALOGS = YES;
				MTL_ENABLE_DEBUG_INFO = NO;
				MTL_FAST_MATH = YES;
				SDKROOT = iphoneos;
				VALIDATE_PRODUCT = YES;
			};
			name = Release;
		};
		435BB5152B7FDB8B0095FC13 /* Debug */ = {
			isa = XCBuildConfiguration;
			baseConfigurationReference = 610A6A2B7785692D1AE2695F /* Pods-AdmobIOS.debug.xcconfig */;
			buildSettings = {
				CODE_SIGN_STYLE = Automatic;
				DEVELOPMENT_TEAM = NQQYB83MZA;
				HEADER_SEARCH_PATHS = (
					"$(inherited)",
					"${PODS_CONFIGURATION_BUILD_DIR}/GoogleUtilities/GoogleUtilities.framework/Headers",
					"$(SRCROOT)/godot",
					"$(SRCROOT)/godot/platform/ios",
				);
				OTHER_CFLAGS = (
					"-fcxx-modules",
					"-fmodules",
				);
				OTHER_LDFLAGS = "-ObjC";
				PRODUCT_NAME = "$(TARGET_NAME)";
				SKIP_INSTALL = YES;
				TARGETED_DEVICE_FAMILY = "1,2";
			};
			name = Debug;
		};
		435BB5162B7FDB8B0095FC13 /* Release */ = {
			isa = XCBuildConfiguration;
			baseConfigurationReference = 033FB659D8BDE7C19DD5C37F /* Pods-AdmobIOS.release.xcconfig */;
			buildSettings = {
				CODE_SIGN_STYLE = Automatic;
				DEVELOPMENT_TEAM = NQQYB83MZA;
				HEADER_SEARCH_PATHS = (
					"$(inherited)",
					"${PODS_CONFIGURATION_BUILD_DIR}/GoogleUtilities/GoogleUtilities.framework/Headers",
					"$(SRCROOT)/godot",
					"$(SRCROOT)/godot/platform/ios",
				);
				OTHER_CFLAGS = (
					"-fcxx-modules",
					"-fmodules",
				);
				OTHER_LDFLAGS = "-ObjC";
				PRODUCT_NAME = "$(TARGET_NAME)";
				SKIP_INSTALL = YES;
				TARGETED_DEVICE_FAMILY = "1,2";
			};
			name = Release;
		};
/* End XCBuildConfiguration section */

/* Begin XCConfigurationList section */
		435BB5062B7FDB8B0095FC13 /* Build configuration list for PBXProject "AdmobIOS" */ = {
			isa = XCConfigurationList;
			buildConfigurations = (
				435BB5122B7FDB8B0095FC13 /* Debug */,
				435BB5132B7FDB8B0095FC13 /* Release */,
			);
			defaultConfigurationIsVisible = 0;
			defaultConfigurationName = Release;
		};
		435BB5142B7FDB8B0095FC13 /* Build configuration list for PBXNativeTarget "AdmobIOS" */ = {
			isa = XCConfigurationList;
			buildConfigurations = (
				435BB5152B7FDB8B0095FC13 /* Debug */,
				435BB5162B7FDB8B0095FC13 /* Release */,
			);
			defaultConfigurationIsVisible = 0;
			defaultConfigurationName = Release;
		};
/* End XCConfigurationList section */
	};
	rootObject = 435BB5032B7FDB8B0095FC13 /* Project object */;
}
